
Microsoft Visual Studio Solution File, Format Version 12.00
# Visual Studio Version 17
VisualStudioVersion = 17.10.34928.147
MinimumVisualStudioVersion = 10.0.40219.1
Project("{FAE04EC0-301F-11D3-BF4B-00C04F79EFBC}") = "mağazastoktakip", "mağazastoktakip\mağazastoktakip.csproj", "{EBAD0E71-B77E-470F-8652-EAC4DD910441}"
EndProject
Global
	GlobalSection(SolutionConfigurationPlatforms) = preSolution
		Debug|Any CPU = Debug|Any CPU
		Release|Any CPU = Release|Any CPU
	EndGlobalSection
	GlobalSection(ProjectConfigurationPlatforms) = postSolution
		{EBAD0E71-B77E-470F-8652-EAC4DD910441}.Debug|Any CPU.ActiveCfg = Debug|Any CPU
		{EBAD0E71-B77E-470F-8652-EAC4DD910441}.Debug|Any CPU.Build.0 = Debug|Any CPU
		{EBAD0E71-B77E-470F-8652-EAC4DD910441}.Release|Any CPU.ActiveCfg = Release|Any CPU
		{EBAD0E71-B77E-470F-8652-EAC4DD910441}.Release|Any CPU.Build.0 = Release|Any CPU
	EndGlobalSection
	GlobalSection(SolutionProperties) = preSolution
		HideSolutionNode = FALSE
	EndGlobalSection
	GlobalSection(ExtensibilityGlobals) = postSolution
		SolutionGuid = {2E678757-68EA-4E01-9BA5-B69D0E147AF1}
	EndGlobalSection
EndGlobal
